{
  "name": "handwriting",
  "version": "1.0.0",
  "lockfileVersion": 3,
  "requires": true,
  "packages": {
    "": {
      "name": "handwriting",
      "version": "1.0.0",
      "license": "ISC",
      "dependencies": {
        "mp4-muxer": "^5.1.5",
        "mp4box": "^0.5.3"
      }
    },
    "node_modules/@types/dom-webcodecs": {
      "version": "0.1.13",
      "resolved": "https://registry.npmmirror.com/@types/dom-webcodecs/-/dom-webcodecs-0.1.13.tgz",
      "integrity": "sha512-O5hkiFIcjjszPIYyUSyvScyvrBoV3NOEEZx/pMlsu44TKzWNkLVBBxnxJz42in5n3QIolYOcBYFCPZZ0h8SkwQ==",
      "license": "MIT"
    },
    "node_modules/@types/wicg-file-system-access": {
      "version": "2020.9.8",
      "resolved": "https://registry.npmmirror.com/@types/wicg-file-system-access/-/wicg-file-system-access-2020.9.8.tgz",
      "integrity": "sha512-ggMz8nOygG7d/stpH40WVaNvBwuyYLnrg5Mbyf6bmsj/8+gb6Ei4ZZ9/4PNpcPNTT8th9Q8sM8wYmWGjMWLX/A==",
      "license": "MIT"
    },
    "node_modules/mp4-muxer": {
      "version": "5.1.5",
      "resolved": "https://registry.npmmirror.com/mp4-muxer/-/mp4-muxer-5.1.5.tgz",
      "integrity": "sha512-dRk4STKmR7sIx12kMBa21DaIxdMG0w4tYwOqi8+Z4NW03I1QloRBWSxU4kReztDGdz5gWp4jSwIKWOIaP9Ia+g==",
      "license": "MIT",
      "dependencies": {
        "@types/dom-webcodecs": "^0.1.6",
        "@types/wicg-file-system-access": "^2020.9.5"
      }
    },
    "node_modules/mp4box": {
      "version": "0.5.3",
      "resolved": "https://registry.npmmirror.com/mp4box/-/mp4box-0.5.3.tgz",
      "integrity": "sha512-RIvyFZdPDIg3+mL6vUdPBSyQRrEfKO3ryAeJ4xJJV7HBHQUH3KfLlZRzfSpBHCd/HqR63HfbrWQI/CwXDvYENQ==",
      "license": "BSD-3-Clause"
    }
  }
}
